
Microsoft Visual Studio Solution File, Format Version 12.00
# Visual Studio Version 17
VisualStudioVersion = 17.4.33122.133
MinimumVisualStudioVersion = 10.0.40219.1
Project("{FAE04EC0-301F-11D3-BF4B-00C04F79EFBC}") = "API-test-7", "API-test-7\API-test-7.csproj", "{E16E92D6-630E-4F5E-B503-8E9859B5358B}"
EndProject
Global
	GlobalSection(SolutionConfigurationPlatforms) = preSolution
		Debug|Any CPU = Debug|Any CPU
		Release|Any CPU = Release|Any CPU
	EndGlobalSection
	GlobalSection(ProjectConfigurationPlatforms) = postSolution
		{E16E92D6-630E-4F5E-B503-8E9859B5358B}.Debug|Any CPU.ActiveCfg = Debug|Any CPU
		{E16E92D6-630E-4F5E-B503-8E9859B5358B}.Debug|Any CPU.Build.0 = Debug|Any CPU
		{E16E92D6-630E-4F5E-B503-8E9859B5358B}.Release|Any CPU.ActiveCfg = Release|Any CPU
		{E16E92D6-630E-4F5E-B503-8E9859B5358B}.Release|Any CPU.Build.0 = Release|Any CPU
	EndGlobalSection
	GlobalSection(SolutionProperties) = preSolution
		HideSolutionNode = FALSE
	EndGlobalSection
	GlobalSection(ExtensibilityGlobals) = postSolution
		SolutionGuid = {4969E90B-2592-4002-B90E-2B69BB811A71}
	EndGlobalSection
EndGlobal
